// !$*UTF8*$!
{
	archiveVersion = 1;
	classes = {
	};
	objectVersion = 46;
	objects = {

/* Begin PBXBuildFile section */
		7EFC6AAD1C567B3E0081F482 /* AppDelegate.swift in Sources */ = {isa = PBXBuildFile; fileRef = 7EFC6AAC1C567B3E0081F482 /* AppDelegate.swift */; };
		7EFC6AAF1C567B3E0081F482 /* ViewController.swift in Sources */ = {isa = PBXBuildFile; fileRef = 7EFC6AAE1C567B3E0081F482 /* ViewController.swift */; };
		7EFC6AB21C567B3F0081F482 /* Main.storyboard in Resources */ = {isa = PBXBuildFile; fileRef = 7EFC6AB01C567B3F0081F482 /* Main.storyboard */; };
		7EFC6AB41C567B3F0081F482 /* Assets.xcassets in Resources */ = {isa = PBXBuildFile; fileRef = 7EFC6AB31C567B3F0081F482 /* Assets.xcassets */; };
		7EFC6AB71C567B3F0081F482 /* LaunchScreen.storyboard in Resources */ = {isa = PBXBuildFile; fileRef = 7EFC6AB51C567B3F0081F482 /* LaunchScreen.storyboard */; };
		7EFC6ABF1C569E4F0081F482 /* CoreLocation.framework in Frameworks */ = {isa = PBXBuildFile; fileRef = 7EFC6ABE1C569E4F0081F482 /* CoreLocation.framework */; };
/* End PBXBuildFile section */

/* Begin PBXFileReference section */
		7EFC6AA91C567B3D0081F482 /* Map App.app */ = {isa = PBXFileReference; explicitFileType = wrapper.application; includeInIndex = 0; path = "Map App.app"; sourceTree = BUILT_PRODUCTS_DIR; };
		7EFC6AAC1C567B3E0081F482 /* AppDelegate.swift */ = {isa = PBXFileReference; lastKnownFileType = sourcecode.swift; path = AppDelegate.swift; sourceTree = "<group>"; };
		7EFC6AAE1C567B3E0081F482 /* ViewController.swift */ = {isa = PBXFileReference; lastKnownFileType = sourcecode.swift; path = ViewController.swift; sourceTree = "<group>"; };
		7EFC6AB11C567B3F0081F482 /* Base */ = {isa = PBXFileReference; lastKnownFileType = file.storyboard; name = Base; path = Base.lproj/Main.storyboard; sourceTree = "<group>"; };
		7EFC6AB31C567B3F0081F482 /* Assets.xcassets */ = {isa = PBXFileReference; lastKnownFileType = folder.assetcatalog; path = Assets.xcassets; sourceTree = "<group>"; };
		7EFC6AB61C567B3F0081F482 /* Base */ = {isa = PBXFileReference; lastKnownFileType = file.storyboard; name = Base; path = Base.lproj/LaunchScreen.storyboard; sourceTree = "<group>"; };
		7EFC6AB81C567B3F0081F482 /* Info.plist */ = {isa = PBXFileReference; lastKnownFileType = text.plist.xml; path = Info.plist; sourceTree = "<group>"; };
		7EFC6ABE1C569E4F0081F482 /* CoreLocation.framework */ = {isa = PBXFileReference; lastKnownFileType = wrapper.framework; name = CoreLocation.framework; path = System/Library/Frameworks/CoreLocation.framework; sourceTree = SDKROOT; };
/* End PBXFileReference section */

/* Begin PBXFrameworksBuildPhase section */
		7EFC6AA61C567B3D0081F482 /* Frameworks */ = {
			isa = PBXFrameworksBuildPhase;
			buildActionMask = 2147483647;
			files = (
				7EFC6ABF1C569E4F0081F482 /* CoreLocation.framework in Frameworks */,
			);
			runOnlyForDeploymentPostprocessing = 0;
		};
/* End PBXFrameworksBuildPhase section */

/* Begin PBXGroup section */
		7EFC6AA01C567B3B0081F482 = {
			isa = PBXGroup;
			children = (
				7EFC6ABE1C569E4F0081F482 /* CoreLocation.framework */,
				7EFC6AAB1C567B3E0081F482 /* Map App */,
				7EFC6AAA1C567B3D0081F482 /* Products */,
			);
			sourceTree = "<group>";
		};
		7EFC6AAA1C567B3D0081F482 /* Products */ = {
			isa = PBXGroup;
			children = (
				7EFC6AA91C567B3D0081F482 /* Map App.app */,
			);
			name = Products;
			sourceTree = "<group>";
		};
		7EFC6AAB1C567B3E0081F482 /* Map App */ = {
			isa = PBXGroup;
			children = (
				7EFC6AAC1C567B3E0081F482 /* AppDelegate.swift */,
				7EFC6AAE1C567B3E0081F482 /* ViewController.swift */,
				7EFC6AB01C567B3F0081F482 /* Main.storyboard */,
				7EFC6AB31C567B3F0081F482 /* Assets.xcassets */,
				7EFC6AB51C567B3F0081F482 /* LaunchScreen.storyboard */,
				7EFC6AB81C567B3F0081F482 /* Info.plist */,
			);
			path = "Map App";
			sourceTree = "<group>";
		};
/* End PBXGroup section */

/* Begin PBXNativeTarget section */
		7EFC6AA81C567B3D0081F482 /* Map App */ = {
			isa = PBXNativeTarget;
			buildConfigurationList = 7EFC6ABB1C567B3F0081F482 /* Build configuration list for PBXNativeTarget "Map App" */;
			buildPhases = (
				7EFC6AA51C567B3D0081F482 /* Sources */,
				7EFC6AA61C567B3D0081F482 /* Frameworks */,
				7EFC6AA71C567B3D0081F482 /* Resources */,
			);
			buildRules = (
			);
			dependencies = (
			);
			name = "Map App";
			productName = "Map App";
			productReference = 7EFC6AA91C567B3D0081F482 /* Map App.app */;
			productType = "com.apple.product-type.application";
		};
/* End PBXNativeTarget section */

/* Begin PBXProject section */
		7EFC6AA11C567B3C0081F482 /* Project object */ = {
			isa = PBXProject;
			attributes = {
				LastSwiftUpdateCheck = 0720;
				LastUpgradeCheck = 0720;
				ORGANIZATIONNAME = Xicks;
				TargetAttributes = {
					7EFC6AA81C567B3D0081F482 = {
						CreatedOnToolsVersion = 7.2;
						DevelopmentTeam = QWWEXG4XYC;
					};
				};
			};
			buildConfigurationList = 7EFC6AA41C567B3C0081F482 /* Build configuration list for PBXProject "Map App" */;
			compatibilityVersion = "Xcode 3.2";
			developmentRegion = English;
			hasScannedForEncodings = 0;
			knownRegions = (
				en,
				Base,
			);
			mainGroup = 7EFC6AA01C567B3B0081F482;
			productRefGroup = 7EFC6AAA1C567B3D0081F482 /* Products */;
			projectDirPath = "";
			projectRoot = "";
			targets = (
				7EFC6AA81C567B3D0081F482 /* Map App */,
			);
		};
/* End PBXProject section */

/* Begin PBXResourcesBuildPhase section */
		7EFC6AA71C567B3D0081F482 /* Resources */ = {
			isa = PBXResourcesBuildPhase;
			buildActionMask = 2147483647;
			files = (
				7EFC6AB71C567B3F0081F482 /* LaunchScreen.storyboard in Resources */,
				7EFC6AB41C567B3F0081F482 /* Assets.xcassets in Resources */,
				7EFC6AB21C567B3F0081F482 /* Main.storyboard in Resources */,
			);
			runOnlyForDeploymentPostprocessing = 0;
		};
/* End PBXResourcesBuildPhase section */

/* Begin PBXSourcesBuildPhase section */
		7EFC6AA51C567B3D0081F482 /* Sources */ = {
			isa = PBXSourcesBuildPhase;
			buildActionMask = 2147483647;
			files = (
				7EFC6AAF1C567B3E0081F482 /* ViewController.swift in Sources */,
				7EFC6AAD1C567B3E0081F482 /* AppDelegate.swift in Sources */,
			);
			runOnlyForDeploymentPostprocessing = 0;
		};
/* End PBXSourcesBuildPhase section */

/* Begin PBXVariantGroup section */
		7EFC6AB01C567B3F0081F482 /* Main.storyboard */ = {
			isa = PBXVariantGroup;
			children = (
				7EFC6AB11C567B3F0081F482 /* Base */,
			);
			name = Main.storyboard;
			sourceTree = "<group>";
		};
		7EFC6AB51C567B3F0081F482 /* LaunchScreen.storyboard */ = {
			isa = PBXVariantGroup;
			children = (
				7EFC6AB61C567B3F0081F482 /* Base */,
			);
			name = LaunchScreen.storyboard;
			sourceTree = "<group>";
		};
/* End PBXVariantGroup section */

/* Begin XCBuildConfiguration section */
		7EFC6AB91C567B3F0081F482 /* Debug */ = {
			isa = XCBuildConfiguration;
			buildSettings = {
				ALWAYS_SEARCH_USER_PATHS = NO;
				CLANG_CXX_LANGUAGE_STANDARD = "gnu++0x";
				CLANG_CXX_LIBRARY = "libc++";
				CLANG_ENABLE_MODULES = YES;
				CLANG_ENABLE_OBJC_ARC = YES;
				CLANG_WARN_BOOL_CONVERSION = YES;
				CLANG_WARN_CONSTANT_CONVERSION = YES;
				CLANG_WARN_DIRECT_OBJC_ISA_USAGE = YES_ERROR;
				CLANG_WARN_EMPTY_BODY = YES;
				CLANG_WARN_ENUM_CONVERSION = YES;
				CLANG_WARN_INT_CONVERSION = YES;
				CLANG_WARN_OBJC_ROOT_CLASS = YES_ERROR;
				CLANG_WARN_UNREACHABLE_CODE = YES;
				CLANG_WARN__DUPLICATE_METHOD_MATCH = YES;
				"CODE_SIGN_IDENTITY[sdk=iphoneos*]" = "iPhone Developer";
				COPY_PHASE_STRIP = NO;
				DEBUG_INFORMATION_FORMAT = dwarf;
				ENABLE_STRICT_OBJC_MSGSEND = YES;
				ENABLE_TESTABILITY = YES;
				GCC_C_LANGUAGE_STANDARD = gnu99;
				GCC_DYNAMIC_NO_PIC = NO;
				GCC_NO_COMMON_BLOCKS = YES;
				GCC_OPTIMIZATION_LEVEL = 0;
				GCC_PREPROCESSOR_DEFINITIONS = (
					"DEBUG=1",
					"$(inherited)",
				);
				GCC_WARN_64_TO_32_BIT_CONVERSION = YES;
				GCC_WARN_ABOUT_RETURN_TYPE = YES_ERROR;
				GCC_WARN_UNDECLARED_SELECTOR = YES;
				GCC_WARN_UNINITIALIZED_AUTOS = YES_AGGRESSIVE;
				GCC_WARN_UNUSED_FUNCTION = YES;
				GCC_WARN_UNUSED_VARIABLE = YES;
				IPHONEOS_DEPLOYMENT_TARGET = 9.2;
				MTL_ENABLE_DEBUG_INFO = YES;
				ONLY_ACTIVE_ARCH = YES;
				SDKROOT = iphoneos;
				SWIFT_OPTIMIZATION_LEVEL = "-Onone";
			};
			name = Debug;
		};
		7EFC6ABA1C567B3F0081F482 /* Release */ = {
			isa = XCBuildConfiguration;
			buildSettings = {
				ALWAYS_SEARCH_USER_PATHS = NO;
				CLANG_CXX_LANGUAGE_STANDARD = "gnu++0x";
				CLANG_CXX_LIBRARY = "libc++";
				CLANG_ENABLE_MODULES = YES;
				CLANG_ENABLE_OBJC_ARC = YES;
				CLANG_WARN_BOOL_CONVERSION = YES;
				CLANG_WARN_CONSTANT_CONVERSION = YES;
				CLANG_WARN_DIRECT_OBJC_ISA_USAGE = YES_ERROR;
				CLANG_WARN_EMPTY_BODY = YES;
				CLANG_WARN_ENUM_CONVERSION = YES;
				CLANG_WARN_INT_CONVERSION = YES;
				CLANG_WARN_OBJC_ROOT_CLASS = YES_ERROR;
				CLANG_WARN_UNREACHABLE_CODE = YES;
				CLANG_WARN__DUPLICATE_METHOD_MATCH = YES;
				"CODE_SIGN_IDENTITY[sdk=iphoneos*]" = "iPhone Developer";
				COPY_PHASE_STRIP = NO;
				DEBUG_INFORMATION_FORMAT = "dwarf-with-dsym";
				ENABLE_NS_ASSERTIONS = NO;
				ENABLE_STRICT_OBJC_MSGSEND = YES;
				GCC_C_LANGUAGE_STANDARD = gnu99;
				GCC_NO_COMMON_BLOCKS = YES;
				GCC_WARN_64_TO_32_BIT_CONVERSION = YES;
				GCC_WARN_ABOUT_RETURN_TYPE = YES_ERROR;
				GCC_WARN_UNDECLARED_SELECTOR = YES;
				GCC_WARN_UNINITIALIZED_AUTOS = YES_AGGRESSIVE;
				GCC_WARN_UNUSED_FUNCTION = YES;
				GCC_WARN_UNUSED_VARIABLE = YES;
				IPHONEOS_DEPLOYMENT_TARGET = 9.2;
				MTL_ENABLE_DEBUG_INFO = NO;
				SDKROOT = iphoneos;
				VALIDATE_PRODUCT = YES;
			};
			name = Release;
		};
		7EFC6ABC1C567B3F0081F482 /* Debug */ = {
			isa = XCBuildConfiguration;
			buildSettings = {
				ASSETCATALOG_COMPILER_APPICON_NAME = AppIcon;
				INFOPLIST_FILE = "Map App/Info.plist";
				LD_RUNPATH_SEARCH_PATHS = "$(inherited) @executable_path/Frameworks";
				PRODUCT_BUNDLE_IDENTIFIER = "com.xicks.Map-App";
				PRODUCT_NAME = "$(TARGET_NAME)";
			};
			name = Debug;
		};
		7EFC6ABD1C567B3F0081F482 /* Release */ = {
			isa = XCBuildConfiguration;
			buildSettings = {
				ASSETCATALOG_COMPILER_APPICON_NAME = AppIcon;
				INFOPLIST_FILE = "Map App/Info.plist";
				LD_RUNPATH_SEARCH_PATHS = "$(inherited) @executable_path/Frameworks";
				PRODUCT_BUNDLE_IDENTIFIER = "com.xicks.Map-App";
				PRODUCT_NAME = "$(TARGET_NAME)";
			};
			name = Release;
		};
/* End XCBuildConfiguration section */

/* Begin XCConfigurationList section */
		7EFC6AA41C567B3C0081F482 /* Build configuration list for PBXProject "Map App" */ = {
			isa = XCConfigurationList;
			buildConfigurations = (
				7EFC6AB91C567B3F0081F482 /* Debug */,
				7EFC6ABA1C567B3F0081F482 /* Release */,
			);
			defaultConfigurationIsVisible = 0;
			defaultConfigurationName = Release;
		};
		7EFC6ABB1C567B3F0081F482 /* Build configuration list for PBXNativeTarget "Map App" */ = {
			isa = XCConfigurationList;
			buildConfigurations = (
				7EFC6ABC1C567B3F0081F482 /* Debug */,
				7EFC6ABD1C567B3F0081F482 /* Release */,
			);
			defaultConfigurationIsVisible = 0;
		};
/* End XCConfigurationList section */
	};
	rootObject = 7EFC6AA11C567B3C0081F482 /* Project object */;
}
